
Microsoft Visual Studio Solution File, Format Version 12.00
# Visual Studio Version 17
VisualStudioVersion = 17.9.34701.34
MinimumVisualStudioVersion = 10.0.40219.1
Project("{9A19103F-16F7-4668-BE54-9A1E7A4F7556}") = "BörsenServer", "BörsenServer\BörsenServer.csproj", "{B9813491-7261-46BF-BB61-BCDEA22495ED}"
EndProject
Global
	GlobalSection(SolutionConfigurationPlatforms) = preSolution
		Debug|Any CPU = Debug|Any CPU
		Release|Any CPU = Release|Any CPU
	EndGlobalSection
	GlobalSection(ProjectConfigurationPlatforms) = postSolution
		{B9813491-7261-46BF-BB61-BCDEA22495ED}.Debug|Any CPU.ActiveCfg = Debug|Any CPU
		{B9813491-7261-46BF-BB61-BCDEA22495ED}.Debug|Any CPU.Build.0 = Debug|Any CPU
		{B9813491-7261-46BF-BB61-BCDEA22495ED}.Release|Any CPU.ActiveCfg = Release|Any CPU
		{B9813491-7261-46BF-BB61-BCDEA22495ED}.Release|Any CPU.Build.0 = Release|Any CPU
	EndGlobalSection
	GlobalSection(SolutionProperties) = preSolution
		HideSolutionNode = FALSE
	EndGlobalSection
	GlobalSection(ExtensibilityGlobals) = postSolution
		SolutionGuid = {6734F0B0-C22F-4BE5-8980-884DCC2072CC}
	EndGlobalSection
EndGlobal
